
Microsoft Visual Studio Solution File, Format Version 12.00
# Visual Studio Version 16
VisualStudioVersion = 16.0.31410.357
MinimumVisualStudioVersion = 10.0.40219.1
Project("{9092AA53-FB77-4645-B42D-1CCCA6BD08BD}") = "NodeJsWebApp", "NodeJsWebApp\NodeJsWebApp.njsproj", "{C264CC97-06AA-4ADA-9754-8813F41BBBAA}"
EndProject
Global
	GlobalSection(SolutionConfigurationPlatforms) = preSolution
		Debug|Any CPU = Debug|Any CPU
		Release|Any CPU = Release|Any CPU
	EndGlobalSection
	GlobalSection(ProjectConfigurationPlatforms) = postSolution
		{C264CC97-06AA-4ADA-9754-8813F41BBBAA}.Debug|Any CPU.ActiveCfg = Debug|Any CPU
		{C264CC97-06AA-4ADA-9754-8813F41BBBAA}.Debug|Any CPU.Build.0 = Debug|Any CPU
		{C264CC97-06AA-4ADA-9754-8813F41BBBAA}.Release|Any CPU.ActiveCfg = Release|Any CPU
		{C264CC97-06AA-4ADA-9754-8813F41BBBAA}.Release|Any CPU.Build.0 = Release|Any CPU
	EndGlobalSection
	GlobalSection(SolutionProperties) = preSolution
		HideSolutionNode = FALSE
	EndGlobalSection
	GlobalSection(ExtensibilityGlobals) = postSolution
		SolutionGuid = {8FAA3E4C-54DE-46FF-A49D-55101B9C7A13}
	EndGlobalSection
EndGlobal
